// !$*UTF8*$!
{
	archiveVersion = 1;
	classes = {
	};
	objectVersion = 45;
	objects = {

/* Begin PBXBuildFile section */
		1D3623260D0F684500981E51 /* GridEngineAppDelegate.m in Sources */ = {isa = PBXBuildFile; fileRef = 1D3623250D0F684500981E51 /* GridEngineAppDelegate.m */; };
		1D60589B0D05DD56006BFB54 /* main.m in Sources */ = {isa = PBXBuildFile; fileRef = 29B97316FDCFA39411CA2CEA /* main.m */; };
		1D60589F0D05DD5A006BFB54 /* Foundation.framework in Frameworks */ = {isa = PBXBuildFile; fileRef = 1D30AB110D05D00D00671497 /* Foundation.framework */; };
		1DF5F4E00D08C38300B7A737 /* UIKit.framework in Frameworks */ = {isa = PBXBuildFile; fileRef = 1DF5F4DF0D08C38300B7A737 /* UIKit.framework */; };
		2514C27B10084DCA00A42282 /* Shader.fsh in Resources */ = {isa = PBXBuildFile; fileRef = 2514C27910084DCA00A42282 /* Shader.fsh */; };
		2514C27C10084DCA00A42282 /* Shader.vsh in Resources */ = {isa = PBXBuildFile; fileRef = 2514C27A10084DCA00A42282 /* Shader.vsh */; };
		28AD733F0D9D9553002E5188 /* MainWindow.xib in Resources */ = {isa = PBXBuildFile; fileRef = 28AD733E0D9D9553002E5188 /* MainWindow.xib */; };
		28FD14FE0DC6FC130079059D /* EAGLView.m in Sources */ = {isa = PBXBuildFile; fileRef = 28FD14FD0DC6FC130079059D /* EAGLView.m */; };
		28FD15000DC6FC520079059D /* OpenGLES.framework in Frameworks */ = {isa = PBXBuildFile; fileRef = 28FD14FF0DC6FC520079059D /* OpenGLES.framework */; };
		28FD15080DC6FC5B0079059D /* QuartzCore.framework in Frameworks */ = {isa = PBXBuildFile; fileRef = 28FD15070DC6FC5B0079059D /* QuartzCore.framework */; };
		6A3610B9114EB8D5009F2838 /* GESpriteBatch.m in Sources */ = {isa = PBXBuildFile; fileRef = 6A3610B8114EB8D5009F2838 /* GESpriteBatch.m */; };
		6A57C26B1130473D00583D6C /* pink.jpg in Resources */ = {isa = PBXBuildFile; fileRef = 6A57C26A1130473D00583D6C /* pink.jpg */; };
		6A7A82AA11554A120043A802 /* logo.png in Resources */ = {isa = PBXBuildFile; fileRef = 6A7A82A911554A120043A802 /* logo.png */; };
		6A7AEAEB112F378900F6EBC9 /* grey.jpg in Resources */ = {isa = PBXBuildFile; fileRef = 6A7AEAEA112F378900F6EBC9 /* grey.jpg */; };
		6A7C6EF41131745300D4942F /* GERenderer.m in Sources */ = {isa = PBXBuildFile; fileRef = 6A7C6EF31131745300D4942F /* GERenderer.m */; };
		6A7C70751131CBC800D4942F /* spritesheet16.gif in Resources */ = {isa = PBXBuildFile; fileRef = 6A7C70741131CBC800D4942F /* spritesheet16.gif */; };
		6A942C5B113F0C4300326DCB /* GEScheduler.m in Sources */ = {isa = PBXBuildFile; fileRef = 6A942C5A113F0C4300326DCB /* GEScheduler.m */; };
		6A98F1F41152B52B00CD97D8 /* mask.png in Resources */ = {isa = PBXBuildFile; fileRef = 6A98F1F31152B52B00CD97D8 /* mask.png */; };
		6A98F2F11152BFE000CD97D8 /* mask2.png in Resources */ = {isa = PBXBuildFile; fileRef = 6A98F2F01152BFE000CD97D8 /* mask2.png */; };
		6A98F3951152C65100CD97D8 /* mask3.png in Resources */ = {isa = PBXBuildFile; fileRef = 6A98F3941152C65100CD97D8 /* mask3.png */; };
		6A98F4451152D1EF00CD97D8 /* maskAlpha.png in Resources */ = {isa = PBXBuildFile; fileRef = 6A98F4441152D1EF00CD97D8 /* maskAlpha.png */; };
		6A9CDED611552C850070AB44 /* grass.png in Resources */ = {isa = PBXBuildFile; fileRef = 6A9CDED511552C850070AB44 /* grass.png */; };
		6AA7B0BB1133254200DAE192 /* GETextureNode.m in Sources */ = {isa = PBXBuildFile; fileRef = 6AA7B0BA1133254200DAE192 /* GETextureNode.m */; };
		6AA7B0BE1133254D00DAE192 /* GEColorNode.m in Sources */ = {isa = PBXBuildFile; fileRef = 6AA7B0BD1133254D00DAE192 /* GEColorNode.m */; };
		6ADF9D381134678F00B0E1BE /* GEVideoNode.m in Sources */ = {isa = PBXBuildFile; fileRef = 6ADF9D371134678F00B0E1BE /* GEVideoNode.m */; };
		6AEBBE561131ED1500312A6F /* walking.png in Resources */ = {isa = PBXBuildFile; fileRef = 6AEBBE551131ED1500312A6F /* walking.png */; };
		6AEEE77B112D73F5002ABFB0 /* GENode.m in Sources */ = {isa = PBXBuildFile; fileRef = 6AEEE77A112D73F5002ABFB0 /* GENode.m */; };
		6AEEE77E112D7402002ABFB0 /* GECollectionNode.m in Sources */ = {isa = PBXBuildFile; fileRef = 6AEEE77D112D7402002ABFB0 /* GECollectionNode.m */; };
		6AEEE784112D7419002ABFB0 /* GEAnimation.m in Sources */ = {isa = PBXBuildFile; fileRef = 6AEEE783112D7419002ABFB0 /* GEAnimation.m */; };
		6AEEE787112D7422002ABFB0 /* GEContainer.m in Sources */ = {isa = PBXBuildFile; fileRef = 6AEEE786112D7422002ABFB0 /* GEContainer.m */; };
		6AEEE78A112D7434002ABFB0 /* GESprite.m in Sources */ = {isa = PBXBuildFile; fileRef = 6AEEE789112D7434002ABFB0 /* GESprite.m */; };
		6AEEE78E112D749A002ABFB0 /* GETile.m in Sources */ = {isa = PBXBuildFile; fileRef = 6AEEE78D112D749A002ABFB0 /* GETile.m */; };
		6AEEE794112D74DB002ABFB0 /* GETileMapLayer.m in Sources */ = {isa = PBXBuildFile; fileRef = 6AEEE793112D74DB002ABFB0 /* GETileMapLayer.m */; };
		6AEEE7A2112D7594002ABFB0 /* GETileMap.m in Sources */ = {isa = PBXBuildFile; fileRef = 6AEEE7A1112D7594002ABFB0 /* GETileMap.m */; };
		6AEEE7A5112D75BA002ABFB0 /* GEParticleEmitter.m in Sources */ = {isa = PBXBuildFile; fileRef = 6AEEE7A4112D75BA002ABFB0 /* GEParticleEmitter.m */; };
		6AEEE7A8112D7658002ABFB0 /* Texture2D.m in Sources */ = {isa = PBXBuildFile; fileRef = 6AEEE7A7112D7658002ABFB0 /* Texture2D.m */; };
		6AEEE7E3112D76AA002ABFB0 /* CoreGraphics.framework in Frameworks */ = {isa = PBXBuildFile; fileRef = 6AEEE7E2112D76AA002ABFB0 /* CoreGraphics.framework */; };
		6AEEE806112D77D7002ABFB0 /* GETexManager.m in Sources */ = {isa = PBXBuildFile; fileRef = 6AEEE805112D77D7002ABFB0 /* GETexManager.m */; };
		6AEEE809112D77E4002ABFB0 /* GEDirector.m in Sources */ = {isa = PBXBuildFile; fileRef = 6AEEE808112D77E4002ABFB0 /* GEDirector.m */; };
		6AEEE80C112D77F3002ABFB0 /* GEScene.m in Sources */ = {isa = PBXBuildFile; fileRef = 6AEEE80B112D77F3002ABFB0 /* GEScene.m */; };
		6AEEE81B112D78C0002ABFB0 /* GESpriteSheet.m in Sources */ = {isa = PBXBuildFile; fileRef = 6AEEE81A112D78C0002ABFB0 /* GESpriteSheet.m */; };
		6AEEE90D112DBFFD002ABFB0 /* GECamera.m in Sources */ = {isa = PBXBuildFile; fileRef = 6AEEE90C112DBFFD002ABFB0 /* GECamera.m */; };
/* End PBXBuildFile section */

/* Begin PBXFileReference section */
		1D30AB110D05D00D00671497 /* Foundation.framework */ = {isa = PBXFileReference; lastKnownFileType = wrapper.framework; name = Foundation.framework; path = System/Library/Frameworks/Foundation.framework; sourceTree = SDKROOT; };
		1D3623240D0F684500981E51 /* GridEngineAppDelegate.h */ = {isa = PBXFileReference; fileEncoding = 4; lastKnownFileType = sourcecode.c.h; path = GridEngineAppDelegate.h; sourceTree = "<group>"; };
		1D3623250D0F684500981E51 /* GridEngineAppDelegate.m */ = {isa = PBXFileReference; fileEncoding = 4; lastKnownFileType = sourcecode.c.objc; path = GridEngineAppDelegate.m; sourceTree = "<group>"; };
		1D6058910D05DD3D006BFB54 /* GridEngine.app */ = {isa = PBXFileReference; explicitFileType = wrapper.application; includeInIndex = 0; path = GridEngine.app; sourceTree = BUILT_PRODUCTS_DIR; };
		1DF5F4DF0D08C38300B7A737 /* UIKit.framework */ = {isa = PBXFileReference; lastKnownFileType = wrapper.framework; name = UIKit.framework; path = System/Library/Frameworks/UIKit.framework; sourceTree = SDKROOT; };
		2514C27910084DCA00A42282 /* Shader.fsh */ = {isa = PBXFileReference; fileEncoding = 4; lastKnownFileType = sourcecode.glsl; name = Shader.fsh; path = Shaders/Shader.fsh; sourceTree = "<group>"; };
		2514C27A10084DCA00A42282 /* Shader.vsh */ = {isa = PBXFileReference; fileEncoding = 4; lastKnownFileType = sourcecode.glsl; name = Shader.vsh; path = Shaders/Shader.vsh; sourceTree = "<group>"; };
		28AD733E0D9D9553002E5188 /* MainWindow.xib */ = {isa = PBXFileReference; lastKnownFileType = file.xib; path = MainWindow.xib; sourceTree = "<group>"; };
		28FD14FC0DC6FC130079059D /* EAGLView.h */ = {isa = PBXFileReference; fileEncoding = 4; lastKnownFileType = sourcecode.c.h; path = EAGLView.h; sourceTree = "<group>"; };
		28FD14FD0DC6FC130079059D /* EAGLView.m */ = {isa = PBXFileReference; fileEncoding = 4; lastKnownFileType = sourcecode.c.objc; path = EAGLView.m; sourceTree = "<group>"; };
		28FD14FF0DC6FC520079059D /* OpenGLES.framework */ = {isa = PBXFileReference; lastKnownFileType = wrapper.framework; name = OpenGLES.framework; path = System/Library/Frameworks/OpenGLES.framework; sourceTree = SDKROOT; };
		28FD15070DC6FC5B0079059D /* QuartzCore.framework */ = {isa = PBXFileReference; lastKnownFileType = wrapper.framework; name = QuartzCore.framework; path = System/Library/Frameworks/QuartzCore.framework; sourceTree = SDKROOT; };
		29B97316FDCFA39411CA2CEA /* main.m */ = {isa = PBXFileReference; fileEncoding = 4; lastKnownFileType = sourcecode.c.objc; path = main.m; sourceTree = "<group>"; };
		32CA4F630368D1EE00C91783 /* GridEngine_Prefix.pch */ = {isa = PBXFileReference; fileEncoding = 4; lastKnownFileType = sourcecode.c.h; path = GridEngine_Prefix.pch; sourceTree = "<group>"; };
		6A3610B7114EB8D5009F2838 /* GESpriteBatch.h */ = {isa = PBXFileReference; fileEncoding = 4; lastKnownFileType = sourcecode.c.h; path = GESpriteBatch.h; sourceTree = "<group>"; };
		6A3610B8114EB8D5009F2838 /* GESpriteBatch.m */ = {isa = PBXFileReference; fileEncoding = 4; lastKnownFileType = sourcecode.c.objc; path = GESpriteBatch.m; sourceTree = "<group>"; };
		6A57C26A1130473D00583D6C /* pink.jpg */ = {isa = PBXFileReference; lastKnownFileType = image.jpeg; path = pink.jpg; sourceTree = "<group>"; };
		6A7A82A911554A120043A802 /* logo.png */ = {isa = PBXFileReference; lastKnownFileType = image.png; path = logo.png; sourceTree = "<group>"; };
		6A7AEA97112F109D00F6EBC9 /* geCommon.h */ = {isa = PBXFileReference; fileEncoding = 4; lastKnownFileType = sourcecode.c.h; path = geCommon.h; sourceTree = "<group>"; };
		6A7AEAEA112F378900F6EBC9 /* grey.jpg */ = {isa = PBXFileReference; lastKnownFileType = image.jpeg; path = grey.jpg; sourceTree = "<group>"; };
		6A7C6EF21131745300D4942F /* GERenderer.h */ = {isa = PBXFileReference; fileEncoding = 4; lastKnownFileType = sourcecode.c.h; path = GERenderer.h; sourceTree = "<group>"; };
		6A7C6EF31131745300D4942F /* GERenderer.m */ = {isa = PBXFileReference; fileEncoding = 4; lastKnownFileType = sourcecode.c.objc; path = GERenderer.m; sourceTree = "<group>"; };
		6A7C70741131CBC800D4942F /* spritesheet16.gif */ = {isa = PBXFileReference; lastKnownFileType = image.gif; path = spritesheet16.gif; sourceTree = "<group>"; };
		6A82103811501683008CA90A /* geConfig.h */ = {isa = PBXFileReference; fileEncoding = 4; lastKnownFileType = sourcecode.c.h; path = geConfig.h; sourceTree = "<group>"; };
		6A942C59113F0C4300326DCB /* GEScheduler.h */ = {isa = PBXFileReference; fileEncoding = 4; lastKnownFileType = sourcecode.c.h; path = GEScheduler.h; sourceTree = "<group>"; };
		6A942C5A113F0C4300326DCB /* GEScheduler.m */ = {isa = PBXFileReference; fileEncoding = 4; lastKnownFileType = sourcecode.c.objc; path = GEScheduler.m; sourceTree = "<group>"; };
		6A98F1F31152B52B00CD97D8 /* mask.png */ = {isa = PBXFileReference; lastKnownFileType = image.png; path = mask.png; sourceTree = "<group>"; };
		6A98F2F01152BFE000CD97D8 /* mask2.png */ = {isa = PBXFileReference; lastKnownFileType = image.png; path = mask2.png; sourceTree = "<group>"; };
		6A98F3941152C65100CD97D8 /* mask3.png */ = {isa = PBXFileReference; lastKnownFileType = image.png; path = mask3.png; sourceTree = "<group>"; };
		6A98F4441152D1EF00CD97D8 /* maskAlpha.png */ = {isa = PBXFileReference; lastKnownFileType = image.png; path = maskAlpha.png; sourceTree = "<group>"; };
		6A9CDED511552C850070AB44 /* grass.png */ = {isa = PBXFileReference; lastKnownFileType = image.png; path = grass.png; sourceTree = "<group>"; };
		6AA7B0B91133254200DAE192 /* GETextureNode.h */ = {isa = PBXFileReference; fileEncoding = 4; lastKnownFileType = sourcecode.c.h; path = GETextureNode.h; sourceTree = "<group>"; };
		6AA7B0BA1133254200DAE192 /* GETextureNode.m */ = {isa = PBXFileReference; fileEncoding = 4; lastKnownFileType = sourcecode.c.objc; path = GETextureNode.m; sourceTree = "<group>"; };
		6AA7B0BC1133254D00DAE192 /* GEColorNode.h */ = {isa = PBXFileReference; fileEncoding = 4; lastKnownFileType = sourcecode.c.h; path = GEColorNode.h; sourceTree = "<group>"; };
		6AA7B0BD1133254D00DAE192 /* GEColorNode.m */ = {isa = PBXFileReference; fileEncoding = 4; lastKnownFileType = sourcecode.c.objc; path = GEColorNode.m; sourceTree = "<group>"; };
		6ADF9D361134678F00B0E1BE /* GEVideoNode.h */ = {isa = PBXFileReference; fileEncoding = 4; lastKnownFileType = sourcecode.c.h; path = GEVideoNode.h; sourceTree = "<group>"; };
		6ADF9D371134678F00B0E1BE /* GEVideoNode.m */ = {isa = PBXFileReference; fileEncoding = 4; lastKnownFileType = sourcecode.c.objc; path = GEVideoNode.m; sourceTree = "<group>"; };
		6AEBBE551131ED1500312A6F /* walking.png */ = {isa = PBXFileReference; lastKnownFileType = image.png; path = walking.png; sourceTree = "<group>"; };
		6AEEE779112D73F5002ABFB0 /* GENode.h */ = {isa = PBXFileReference; fileEncoding = 4; lastKnownFileType = sourcecode.c.h; path = GENode.h; sourceTree = "<group>"; };
		6AEEE77A112D73F5002ABFB0 /* GENode.m */ = {isa = PBXFileReference; fileEncoding = 4; lastKnownFileType = sourcecode.c.objc; path = GENode.m; sourceTree = "<group>"; };
		6AEEE77C112D7402002ABFB0 /* GECollectionNode.h */ = {isa = PBXFileReference; fileEncoding = 4; lastKnownFileType = sourcecode.c.h; path = GECollectionNode.h; sourceTree = "<group>"; };
		6AEEE77D112D7402002ABFB0 /* GECollectionNode.m */ = {isa = PBXFileReference; fileEncoding = 4; lastKnownFileType = sourcecode.c.objc; path = GECollectionNode.m; sourceTree = "<group>"; };
		6AEEE782112D7419002ABFB0 /* GEAnimation.h */ = {isa = PBXFileReference; fileEncoding = 4; lastKnownFileType = sourcecode.c.h; path = GEAnimation.h; sourceTree = "<group>"; };
		6AEEE783112D7419002ABFB0 /* GEAnimation.m */ = {isa = PBXFileReference; fileEncoding = 4; lastKnownFileType = sourcecode.c.objc; path = GEAnimation.m; sourceTree = "<group>"; };
		6AEEE785112D7422002ABFB0 /* GEContainer.h */ = {isa = PBXFileReference; fileEncoding = 4; lastKnownFileType = sourcecode.c.h; path = GEContainer.h; sourceTree = "<group>"; };
		6AEEE786112D7422002ABFB0 /* GEContainer.m */ = {isa = PBXFileReference; fileEncoding = 4; lastKnownFileType = sourcecode.c.objc; path = GEContainer.m; sourceTree = "<group>"; };
		6AEEE788112D7434002ABFB0 /* GESprite.h */ = {isa = PBXFileReference; fileEncoding = 4; lastKnownFileType = sourcecode.c.h; path = GESprite.h; sourceTree = "<group>"; };
		6AEEE789112D7434002ABFB0 /* GESprite.m */ = {isa = PBXFileReference; fileEncoding = 4; lastKnownFileType = sourcecode.c.objc; path = GESprite.m; sourceTree = "<group>"; };
		6AEEE78C112D749A002ABFB0 /* GETile.h */ = {isa = PBXFileReference; fileEncoding = 4; lastKnownFileType = sourcecode.c.h; path = GETile.h; sourceTree = "<group>"; };
		6AEEE78D112D749A002ABFB0 /* GETile.m */ = {isa = PBXFileReference; fileEncoding = 4; lastKnownFileType = sourcecode.c.objc; path = GETile.m; sourceTree = "<group>"; };
		6AEEE792112D74DB002ABFB0 /* GETileMapLayer.h */ = {isa = PBXFileReference; fileEncoding = 4; lastKnownFileType = sourcecode.c.h; path = GETileMapLayer.h; sourceTree = "<group>"; };
		6AEEE793112D74DB002ABFB0 /* GETileMapLayer.m */ = {isa = PBXFileReference; fileEncoding = 4; lastKnownFileType = sourcecode.c.objc; path = GETileMapLayer.m; sourceTree = "<group>"; };
		6AEEE7A0112D7594002ABFB0 /* GETileMap.h */ = {isa = PBXFileReference; fileEncoding = 4; lastKnownFileType = sourcecode.c.h; path = GETileMap.h; sourceTree = "<group>"; };
		6AEEE7A1112D7594002ABFB0 /* GETileMap.m */ = {isa = PBXFileReference; fileEncoding = 4; lastKnownFileType = sourcecode.c.objc; path = GETileMap.m; sourceTree = "<group>"; };
		6AEEE7A3112D75BA002ABFB0 /* GEParticleEmitter.h */ = {isa = PBXFileReference; fileEncoding = 4; lastKnownFileType = sourcecode.c.h; path = GEParticleEmitter.h; sourceTree = "<group>"; };
		6AEEE7A4112D75BA002ABFB0 /* GEParticleEmitter.m */ = {isa = PBXFileReference; fileEncoding = 4; lastKnownFileType = sourcecode.c.objc; path = GEParticleEmitter.m; sourceTree = "<group>"; };
		6AEEE7A6112D7658002ABFB0 /* Texture2D.h */ = {isa = PBXFileReference; fileEncoding = 4; lastKnownFileType = sourcecode.c.h; path = Texture2D.h; sourceTree = "<group>"; };
		6AEEE7A7112D7658002ABFB0 /* Texture2D.m */ = {isa = PBXFileReference; fileEncoding = 4; lastKnownFileType = sourcecode.c.objc; path = Texture2D.m; sourceTree = "<group>"; };
		6AEEE7E2112D76AA002ABFB0 /* CoreGraphics.framework */ = {isa = PBXFileReference; lastKnownFileType = wrapper.framework; name = CoreGraphics.framework; path = System/Library/Frameworks/CoreGraphics.framework; sourceTree = SDKROOT; };
		6AEEE804112D77D7002ABFB0 /* GETexManager.h */ = {isa = PBXFileReference; fileEncoding = 4; lastKnownFileType = sourcecode.c.h; path = GETexManager.h; sourceTree = "<group>"; };
		6AEEE805112D77D7002ABFB0 /* GETexManager.m */ = {isa = PBXFileReference; fileEncoding = 4; lastKnownFileType = sourcecode.c.objc; path = GETexManager.m; sourceTree = "<group>"; };
		6AEEE807112D77E4002ABFB0 /* GEDirector.h */ = {isa = PBXFileReference; fileEncoding = 4; lastKnownFileType = sourcecode.c.h; path = GEDirector.h; sourceTree = "<group>"; };
		6AEEE808112D77E4002ABFB0 /* GEDirector.m */ = {isa = PBXFileReference; fileEncoding = 4; lastKnownFileType = sourcecode.c.objc; path = GEDirector.m; sourceTree = "<group>"; };
		6AEEE80A112D77F3002ABFB0 /* GEScene.h */ = {isa = PBXFileReference; fileEncoding = 4; lastKnownFileType = sourcecode.c.h; path = GEScene.h; sourceTree = "<group>"; };
		6AEEE80B112D77F3002ABFB0 /* GEScene.m */ = {isa = PBXFileReference; fileEncoding = 4; lastKnownFileType = sourcecode.c.objc; path = GEScene.m; sourceTree = "<group>"; };
		6AEEE819112D78C0002ABFB0 /* GESpriteSheet.h */ = {isa = PBXFileReference; fileEncoding = 4; lastKnownFileType = sourcecode.c.h; path = GESpriteSheet.h; sourceTree = "<group>"; };
		6AEEE81A112D78C0002ABFB0 /* GESpriteSheet.m */ = {isa = PBXFileReference; fileEncoding = 4; lastKnownFileType = sourcecode.c.objc; path = GESpriteSheet.m; sourceTree = "<group>"; };
		6AEEE90B112DBFFD002ABFB0 /* GECamera.h */ = {isa = PBXFileReference; fileEncoding = 4; lastKnownFileType = sourcecode.c.h; path = GECamera.h; sourceTree = "<group>"; };
		6AEEE90C112DBFFD002ABFB0 /* GECamera.m */ = {isa = PBXFileReference; fileEncoding = 4; lastKnownFileType = sourcecode.c.objc; path = GECamera.m; sourceTree = "<group>"; };
		6AF2823B11518E73001FD61C /* geTypes.h */ = {isa = PBXFileReference; fileEncoding = 4; lastKnownFileType = sourcecode.c.h; path = geTypes.h; sourceTree = "<group>"; };
		8D1107310486CEB800E47090 /* GridEngine-Info.plist */ = {isa = PBXFileReference; fileEncoding = 4; lastKnownFileType = text.plist.xml; path = "GridEngine-Info.plist"; plistStructureDefinitionIdentifier = "com.apple.xcode.plist.structure-definition.iphone.info-plist"; sourceTree = "<group>"; };
/* End PBXFileReference section */

/* Begin PBXFrameworksBuildPhase section */
		1D60588F0D05DD3D006BFB54 /* Frameworks */ = {
			isa = PBXFrameworksBuildPhase;
			buildActionMask = 2147483647;
			files = (
				1D60589F0D05DD5A006BFB54 /* Foundation.framework in Frameworks */,
				1DF5F4E00D08C38300B7A737 /* UIKit.framework in Frameworks */,
				28FD15000DC6FC520079059D /* OpenGLES.framework in Frameworks */,
				28FD15080DC6FC5B0079059D /* QuartzCore.framework in Frameworks */,
				6AEEE7E3112D76AA002ABFB0 /* CoreGraphics.framework in Frameworks */,
			);
			runOnlyForDeploymentPostprocessing = 0;
		};
/* End PBXFrameworksBuildPhase section */

/* Begin PBXGroup section */
		080E96DDFE201D6D7F000001 /* Classes */ = {
			isa = PBXGroup;
			children = (
				6AEEE742112D72B7002ABFB0 /* GridEngine */,
				28FD14FC0DC6FC130079059D /* EAGLView.h */,
				28FD14FD0DC6FC130079059D /* EAGLView.m */,
				1D3623240D0F684500981E51 /* GridEngineAppDelegate.h */,
				1D3623250D0F684500981E51 /* GridEngineAppDelegate.m */,
			);
			path = Classes;
			sourceTree = "<group>";
		};
		19C28FACFE9D520D11CA2CBB /* Products */ = {
			isa = PBXGroup;
			children = (
				1D6058910D05DD3D006BFB54 /* GridEngine.app */,
			);
			name = Products;
			sourceTree = "<group>";
		};
		2514C27610084DB600A42282 /* Shaders */ = {
			isa = PBXGroup;
			children = (
				2514C27910084DCA00A42282 /* Shader.fsh */,
				2514C27A10084DCA00A42282 /* Shader.vsh */,
			);
			name = Shaders;
			sourceTree = "<group>";
		};
		29B97314FDCFA39411CA2CEA /* CustomTemplate */ = {
			isa = PBXGroup;
			children = (
				080E96DDFE201D6D7F000001 /* Classes */,
				2514C27610084DB600A42282 /* Shaders */,
				29B97315FDCFA39411CA2CEA /* Other Sources */,
				29B97317FDCFA39411CA2CEA /* Resources */,
				29B97323FDCFA39411CA2CEA /* Frameworks */,
				19C28FACFE9D520D11CA2CBB /* Products */,
			);
			name = CustomTemplate;
			sourceTree = "<group>";
		};
		29B97315FDCFA39411CA2CEA /* Other Sources */ = {
			isa = PBXGroup;
			children = (
				32CA4F630368D1EE00C91783 /* GridEngine_Prefix.pch */,
				29B97316FDCFA39411CA2CEA /* main.m */,
			);
			name = "Other Sources";
			sourceTree = "<group>";
		};
		29B97317FDCFA39411CA2CEA /* Resources */ = {
			isa = PBXGroup;
			children = (
				6A7AEAE9112F370A00F6EBC9 /* Images */,
				28AD733E0D9D9553002E5188 /* MainWindow.xib */,
				8D1107310486CEB800E47090 /* GridEngine-Info.plist */,
			);
			name = Resources;
			sourceTree = "<group>";
		};
		29B97323FDCFA39411CA2CEA /* Frameworks */ = {
			isa = PBXGroup;
			children = (
				28FD15070DC6FC5B0079059D /* QuartzCore.framework */,
				28FD14FF0DC6FC520079059D /* OpenGLES.framework */,
				1DF5F4DF0D08C38300B7A737 /* UIKit.framework */,
				1D30AB110D05D00D00671497 /* Foundation.framework */,
				6AEEE7E2112D76AA002ABFB0 /* CoreGraphics.framework */,
			);
			name = Frameworks;
			sourceTree = "<group>";
		};
		6A7AEAE9112F370A00F6EBC9 /* Images */ = {
			isa = PBXGroup;
			children = (
				6A7A82A911554A120043A802 /* logo.png */,
				6A9CDED511552C850070AB44 /* grass.png */,
				6A98F4441152D1EF00CD97D8 /* maskAlpha.png */,
				6A98F3941152C65100CD97D8 /* mask3.png */,
				6A98F2F01152BFE000CD97D8 /* mask2.png */,
				6A98F1F31152B52B00CD97D8 /* mask.png */,
				6AEBBE551131ED1500312A6F /* walking.png */,
				6A7C70741131CBC800D4942F /* spritesheet16.gif */,
				6A57C26A1130473D00583D6C /* pink.jpg */,
				6A7AEAEA112F378900F6EBC9 /* grey.jpg */,
			);
			name = Images;
			sourceTree = "<group>";
		};
		6AEEE742112D72B7002ABFB0 /* GridEngine */ = {
			isa = PBXGroup;
			children = (
				6A7AEA97112F109D00F6EBC9 /* geCommon.h */,
				6A82103811501683008CA90A /* geConfig.h */,
				6AF2823B11518E73001FD61C /* geTypes.h */,
				6A3610B7114EB8D5009F2838 /* GESpriteBatch.h */,
				6A3610B8114EB8D5009F2838 /* GESpriteBatch.m */,
				6A942C59113F0C4300326DCB /* GEScheduler.h */,
				6A942C5A113F0C4300326DCB /* GEScheduler.m */,
				6A7C6EF21131745300D4942F /* GERenderer.h */,
				6A7C6EF31131745300D4942F /* GERenderer.m */,
				6AEEE90B112DBFFD002ABFB0 /* GECamera.h */,
				6AEEE90C112DBFFD002ABFB0 /* GECamera.m */,
				6AEEE819112D78C0002ABFB0 /* GESpriteSheet.h */,
				6AEEE81A112D78C0002ABFB0 /* GESpriteSheet.m */,
				6AEEE804112D77D7002ABFB0 /* GETexManager.h */,
				6AEEE805112D77D7002ABFB0 /* GETexManager.m */,
				6AEEE807112D77E4002ABFB0 /* GEDirector.h */,
				6AEEE808112D77E4002ABFB0 /* GEDirector.m */,
				6AEEE795112D7548002ABFB0 /* Particle */,
				6AEEE78B112D7486002ABFB0 /* TileMap */,
				6AEEE778112D73E2002ABFB0 /* DisplayObject */,
				6AEEE770112D7325002ABFB0 /* Node */,
				6AEEE76F112D7304002ABFB0 /* Support */,
			);
			name = GridEngine;
			sourceTree = "<group>";
		};
		6AEEE76F112D7304002ABFB0 /* Support */ = {
			isa = PBXGroup;
			children = (
				6AEEE7A6112D7658002ABFB0 /* Texture2D.h */,
				6AEEE7A7112D7658002ABFB0 /* Texture2D.m */,
			);
			name = Support;
			sourceTree = "<group>";
		};
		6AEEE770112D7325002ABFB0 /* Node */ = {
			isa = PBXGroup;
			children = (
				6AEEE779112D73F5002ABFB0 /* GENode.h */,
				6AEEE77A112D73F5002ABFB0 /* GENode.m */,
				6AEEE77C112D7402002ABFB0 /* GECollectionNode.h */,
				6AEEE77D112D7402002ABFB0 /* GECollectionNode.m */,
				6AA7B0B91133254200DAE192 /* GETextureNode.h */,
				6AA7B0BA1133254200DAE192 /* GETextureNode.m */,
				6AA7B0BC1133254D00DAE192 /* GEColorNode.h */,
				6AA7B0BD1133254D00DAE192 /* GEColorNode.m */,
				6ADF9D361134678F00B0E1BE /* GEVideoNode.h */,
				6ADF9D371134678F00B0E1BE /* GEVideoNode.m */,
			);
			name = Node;
			sourceTree = "<group>";
		};
		6AEEE778112D73E2002ABFB0 /* DisplayObject */ = {
			isa = PBXGroup;
			children = (
				6AEEE782112D7419002ABFB0 /* GEAnimation.h */,
				6AEEE783112D7419002ABFB0 /* GEAnimation.m */,
				6AEEE785112D7422002ABFB0 /* GEContainer.h */,
				6AEEE786112D7422002ABFB0 /* GEContainer.m */,
				6AEEE788112D7434002ABFB0 /* GESprite.h */,
				6AEEE789112D7434002ABFB0 /* GESprite.m */,
				6AEEE80A112D77F3002ABFB0 /* GEScene.h */,
				6AEEE80B112D77F3002ABFB0 /* GEScene.m */,
			);
			name = DisplayObject;
			sourceTree = "<group>";
		};
		6AEEE78B112D7486002ABFB0 /* TileMap */ = {
			isa = PBXGroup;
			children = (
				6AEEE78C112D749A002ABFB0 /* GETile.h */,
				6AEEE78D112D749A002ABFB0 /* GETile.m */,
				6AEEE792112D74DB002ABFB0 /* GETileMapLayer.h */,
				6AEEE793112D74DB002ABFB0 /* GETileMapLayer.m */,
				6AEEE7A0112D7594002ABFB0 /* GETileMap.h */,
				6AEEE7A1112D7594002ABFB0 /* GETileMap.m */,
			);
			name = TileMap;
			sourceTree = "<group>";
		};
		6AEEE795112D7548002ABFB0 /* Particle */ = {
			isa = PBXGroup;
			children = (
				6AEEE7A3112D75BA002ABFB0 /* GEParticleEmitter.h */,
				6AEEE7A4112D75BA002ABFB0 /* GEParticleEmitter.m */,
			);
			name = Particle;
			sourceTree = "<group>";
		};
/* End PBXGroup section */

/* Begin PBXNativeTarget section */
		1D6058900D05DD3D006BFB54 /* GridEngine */ = {
			isa = PBXNativeTarget;
			buildConfigurationList = 1D6058960D05DD3E006BFB54 /* Build configuration list for PBXNativeTarget "GridEngine" */;
			buildPhases = (
				1D60588D0D05DD3D006BFB54 /* Resources */,
				1D60588E0D05DD3D006BFB54 /* Sources */,
				1D60588F0D05DD3D006BFB54 /* Frameworks */,
			);
			buildRules = (
			);
			dependencies = (
			);
			name = GridEngine;
			productName = GridEngine;
			productReference = 1D6058910D05DD3D006BFB54 /* GridEngine.app */;
			productType = "com.apple.product-type.application";
		};
/* End PBXNativeTarget section */

/* Begin PBXProject section */
		29B97313FDCFA39411CA2CEA /* Project object */ = {
			isa = PBXProject;
			buildConfigurationList = C01FCF4E08A954540054247B /* Build configuration list for PBXProject "GridEngine" */;
			compatibilityVersion = "Xcode 3.1";
			hasScannedForEncodings = 1;
			mainGroup = 29B97314FDCFA39411CA2CEA /* CustomTemplate */;
			projectDirPath = "";
			projectRoot = "";
			targets = (
				1D6058900D05DD3D006BFB54 /* GridEngine */,
			);
		};
/* End PBXProject section */

/* Begin PBXResourcesBuildPhase section */
		1D60588D0D05DD3D006BFB54 /* Resources */ = {
			isa = PBXResourcesBuildPhase;
			buildActionMask = 2147483647;
			files = (
				2514C27B10084DCA00A42282 /* Shader.fsh in Resources */,
				2514C27C10084DCA00A42282 /* Shader.vsh in Resources */,
				28AD733F0D9D9553002E5188 /* MainWindow.xib in Resources */,
				6A7AEAEB112F378900F6EBC9 /* grey.jpg in Resources */,
				6A57C26B1130473D00583D6C /* pink.jpg in Resources */,
				6A7C70751131CBC800D4942F /* spritesheet16.gif in Resources */,
				6AEBBE561131ED1500312A6F /* walking.png in Resources */,
				6A98F1F41152B52B00CD97D8 /* mask.png in Resources */,
				6A98F2F11152BFE000CD97D8 /* mask2.png in Resources */,
				6A98F3951152C65100CD97D8 /* mask3.png in Resources */,
				6A98F4451152D1EF00CD97D8 /* maskAlpha.png in Resources */,
				6A9CDED611552C850070AB44 /* grass.png in Resources */,
				6A7A82AA11554A120043A802 /* logo.png in Resources */,
			);
			runOnlyForDeploymentPostprocessing = 0;
		};
/* End PBXResourcesBuildPhase section */

/* Begin PBXSourcesBuildPhase section */
		1D60588E0D05DD3D006BFB54 /* Sources */ = {
			isa = PBXSourcesBuildPhase;
			buildActionMask = 2147483647;
			files = (
				1D60589B0D05DD56006BFB54 /* main.m in Sources */,
				1D3623260D0F684500981E51 /* GridEngineAppDelegate.m in Sources */,
				28FD14FE0DC6FC130079059D /* EAGLView.m in Sources */,
				6AEEE77B112D73F5002ABFB0 /* GENode.m in Sources */,
				6AEEE77E112D7402002ABFB0 /* GECollectionNode.m in Sources */,
				6AEEE784112D7419002ABFB0 /* GEAnimation.m in Sources */,
				6AEEE787112D7422002ABFB0 /* GEContainer.m in Sources */,
				6AEEE78A112D7434002ABFB0 /* GESprite.m in Sources */,
				6AEEE78E112D749A002ABFB0 /* GETile.m in Sources */,
				6AEEE794112D74DB002ABFB0 /* GETileMapLayer.m in Sources */,
				6AEEE7A2112D7594002ABFB0 /* GETileMap.m in Sources */,
				6AEEE7A5112D75BA002ABFB0 /* GEParticleEmitter.m in Sources */,
				6AEEE7A8112D7658002ABFB0 /* Texture2D.m in Sources */,
				6AEEE806112D77D7002ABFB0 /* GETexManager.m in Sources */,
				6AEEE809112D77E4002ABFB0 /* GEDirector.m in Sources */,
				6AEEE80C112D77F3002ABFB0 /* GEScene.m in Sources */,
				6AEEE81B112D78C0002ABFB0 /* GESpriteSheet.m in Sources */,
				6AEEE90D112DBFFD002ABFB0 /* GECamera.m in Sources */,
				6A7C6EF41131745300D4942F /* GERenderer.m in Sources */,
				6AA7B0BB1133254200DAE192 /* GETextureNode.m in Sources */,
				6AA7B0BE1133254D00DAE192 /* GEColorNode.m in Sources */,
				6ADF9D381134678F00B0E1BE /* GEVideoNode.m in Sources */,
				6A942C5B113F0C4300326DCB /* GEScheduler.m in Sources */,
				6A3610B9114EB8D5009F2838 /* GESpriteBatch.m in Sources */,
			);
			runOnlyForDeploymentPostprocessing = 0;
		};
/* End PBXSourcesBuildPhase section */

/* Begin XCBuildConfiguration section */
		1D6058940D05DD3E006BFB54 /* Debug */ = {
			isa = XCBuildConfiguration;
			buildSettings = {
				ALWAYS_SEARCH_USER_PATHS = NO;
				COPY_PHASE_STRIP = NO;
				GCC_DYNAMIC_NO_PIC = NO;
				GCC_OPTIMIZATION_LEVEL = 0;
				GCC_PRECOMPILE_PREFIX_HEADER = YES;
				GCC_PREFIX_HEADER = GridEngine_Prefix.pch;
				"GCC_THUMB_SUPPORT[arch=armv6]" = "";
				INFOPLIST_FILE = "GridEngine-Info.plist";
				PRODUCT_NAME = GridEngine;
			};
			name = Debug;
		};
		1D6058950D05DD3E006BFB54 /* Release */ = {
			isa = XCBuildConfiguration;
			buildSettings = {
				ALWAYS_SEARCH_USER_PATHS = NO;
				COPY_PHASE_STRIP = YES;
				GCC_PRECOMPILE_PREFIX_HEADER = YES;
				GCC_PREFIX_HEADER = GridEngine_Prefix.pch;
				"GCC_THUMB_SUPPORT[arch=armv6]" = "";
				INFOPLIST_FILE = "GridEngine-Info.plist";
				PRODUCT_NAME = GridEngine;
			};
			name = Release;
		};
		C01FCF4F08A954540054247B /* Debug */ = {
			isa = XCBuildConfiguration;
			buildSettings = {
				ARCHS = "$(ARCHS_STANDARD_32_BIT)";
				"CODE_SIGN_IDENTITY[sdk=iphoneos*]" = "iPhone Developer";
				GCC_C_LANGUAGE_STANDARD = c99;
				GCC_PREPROCESSOR_DEFINITIONS = DEBUG;
				GCC_WARN_ABOUT_RETURN_TYPE = YES;
				GCC_WARN_UNUSED_VARIABLE = YES;
				PREBINDING = NO;
				SDKROOT = iphoneos3.1.2;
			};
			name = Debug;
		};
		C01FCF5008A954540054247B /* Release */ = {
			isa = XCBuildConfiguration;
			buildSettings = {
				ARCHS = "$(ARCHS_STANDARD_32_BIT)";
				"CODE_SIGN_IDENTITY[sdk=iphoneos*]" = "iPhone Developer";
				GCC_C_LANGUAGE_STANDARD = c99;
				GCC_WARN_ABOUT_RETURN_TYPE = YES;
				GCC_WARN_UNUSED_VARIABLE = YES;
				PREBINDING = NO;
				SDKROOT = iphoneos3.1.2;
			};
			name = Release;
		};
/* End XCBuildConfiguration section */

/* Begin XCConfigurationList section */
		1D6058960D05DD3E006BFB54 /* Build configuration list for PBXNativeTarget "GridEngine" */ = {
			isa = XCConfigurationList;
			buildConfigurations = (
				1D6058940D05DD3E006BFB54 /* Debug */,
				1D6058950D05DD3E006BFB54 /* Release */,
			);
			defaultConfigurationIsVisible = 0;
			defaultConfigurationName = Release;
		};
		C01FCF4E08A954540054247B /* Build configuration list for PBXProject "GridEngine" */ = {
			isa = XCConfigurationList;
			buildConfigurations = (
				C01FCF4F08A954540054247B /* Debug */,
				C01FCF5008A954540054247B /* Release */,
			);
			defaultConfigurationIsVisible = 0;
			defaultConfigurationName = Release;
		};
/* End XCConfigurationList section */
	};
	rootObject = 29B97313FDCFA39411CA2CEA /* Project object */;
}
